<?xml version="1.0"?>
<CONFIG>
  <ProjectOptions>
    <Version Value="9"/>
    <General>
      <MainUnit Value="0"/>
      <ResourceType Value="res"/>
      <UseXPManifest Value="True"/>
      <Icon Value="0"/>
      <ActiveWindowIndexAtStart Value="0"/>
    </General>
    <i18n>
      <EnableI18N LFM="False"/>
    </i18n>
    <VersionInfo>
      <StringTable ProductVersion=""/>
    </VersionInfo>
    <BuildModes Count="1" Active="Default">
      <Item1 Name="Default" Default="True"/>
    </BuildModes>
    <PublishOptions>
      <Version Value="2"/>
      <IncludeFileFilter Value="*.(pas|pp|inc|lfm|lpr|lrs|lpi|lpk|sh|xml)"/>
      <ExcludeFileFilter Value="*.(bak|ppu|o|so);*~;backup"/>
    </PublishOptions>
    <RunParams>
      <local>
        <FormatVersion Value="1"/>
        <LaunchingApplication PathPlusParams="/usr/bin/xterm -T 'Lazarus Run Output' -e $(LazarusDir)/tools/runwait.sh $(TargetCmdLine)"/>
      </local>
    </RunParams>
    <RequiredPackages Count="1">
      <Item1>
        <PackageName Value="LCL"/>
      </Item1>
    </RequiredPackages>
    <Units Count="3">
      <Unit0>
        <Filename Value="CircleProject.lpr"/>
        <IsPartOfProject Value="True"/>
        <UnitName Value="CircleProject"/>
        <UsageCount Value="20"/>
      </Unit0>
      <Unit1>
        <Filename Value="mainunit.pas"/>
        <IsPartOfProject Value="True"/>
        <ComponentName Value="MainForm"/>
        <ResourceBaseClass Value="Form"/>
        <UnitName Value="MainUnit"/>
        <IsVisibleTab Value="True"/>
        <EditorIndex Value="0"/>
        <WindowIndex Value="0"/>
        <TopLine Value="72"/>
        <CursorPos X="32" Y="100"/>
        <UsageCount Value="20"/>
        <Loaded Value="True"/>
        <LoadedDesigner Value="True"/>
      </Unit1>
      <Unit2>
        <Filename Value="mainunit.lfm"/>
        <WindowIndex Value="0"/>
        <TopLine Value="112"/>
        <CursorPos X="31" Y="151"/>
        <UsageCount Value="10"/>
        <DefaultSyntaxHighlighter Value="LFM"/>
      </Unit2>
    </Units>
    <JumpHistory Count="12" HistoryIndex="11">
      <Position1>
        <Filename Value="mainunit.pas"/>
        <Caret Line="60" Column="37" TopLine="19"/>
      </Position1>
      <Position2>
        <Filename Value="mainunit.pas"/>
        <Caret Line="61" Column="10" TopLine="24"/>
      </Position2>
      <Position3>
        <Filename Value="mainunit.pas"/>
        <Caret Line="49" Column="24" TopLine="7"/>
      </Position3>
      <Position4>
        <Filename Value="mainunit.pas"/>
        <Caret Line="61" Column="17" TopLine="26"/>
      </Position4>
      <Position5>
        <Filename Value="mainunit.pas"/>
        <Caret Line="36" Column="10" TopLine="12"/>
      </Position5>
      <Position6>
        <Filename Value="mainunit.pas"/>
        <Caret Line="47" Column="44" TopLine="47"/>
      </Position6>
      <Position7>
        <Filename Value="mainunit.pas"/>
        <Caret Line="63" Column="22" TopLine="47"/>
      </Position7>
      <Position8>
        <Filename Value="mainunit.pas"/>
        <Caret Line="64" Column="41" TopLine="42"/>
      </Position8>
      <Position9>
        <Filename Value="mainunit.pas"/>
        <Caret Line="92" Column="1" TopLine="92"/>
      </Position9>
      <Position10>
        <Filename Value="mainunit.pas"/>
        <Caret Line="134" Column="17" TopLine="86"/>
      </Position10>
      <Position11>
        <Filename Value="mainunit.pas"/>
        <Caret Line="131" Column="61" TopLine="91"/>
      </Position11>
      <Position12>
        <Filename Value="mainunit.pas"/>
        <Caret Line="141" Column="27" TopLine="116"/>
      </Position12>
    </JumpHistory>
  </ProjectOptions>
  <CompilerOptions>
    <Version Value="9"/>
    <Target>
      <Filename Value="CircleProject"/>
    </Target>
    <SearchPaths>
      <IncludeFiles Value="$(ProjOutDir)"/>
      <UnitOutputDirectory Value="lib/$(TargetCPU)-$(TargetOS)"/>
    </SearchPaths>
    <Linking>
      <Options>
        <Win32>
          <GraphicApplication Value="True"/>
        </Win32>
      </Options>
    </Linking>
    <Other>
      <CompilerPath Value="$(CompPath)"/>
    </Other>
  </CompilerOptions>
  <Debugging>
    <Exceptions Count="3">
      <Item1>
        <Name Value="EAbort"/>
      </Item1>
      <Item2>
        <Name Value="ECodetoolError"/>
      </Item2>
      <Item3>
        <Name Value="EFOpenError"/>
      </Item3>
    </Exceptions>
  </Debugging>
</CONFIG>
